
Microsoft Visual Studio Solution File, Format Version 12.00
# Visual Studio Version 16
VisualStudioVersion = 16.0.31515.178
MinimumVisualStudioVersion = 10.0.40219.1
Project("{FAE04EC0-301F-11D3-BF4B-00C04F79EFBC}") = "SalesOrderFormProject", "SalesOrderFormProject.csproj", "{F19CACE3-5FC4-484F-951F-BBAF472AAC74}"
EndProject
Global
	GlobalSection(SolutionConfigurationPlatforms) = preSolution
		Debug|Any CPU = Debug|Any CPU
		Release|Any CPU = Release|Any CPU
	EndGlobalSection
	GlobalSection(ProjectConfigurationPlatforms) = postSolution
		{F19CACE3-5FC4-484F-951F-BBAF472AAC74}.Debug|Any CPU.ActiveCfg = Debug|Any CPU
		{F19CACE3-5FC4-484F-951F-BBAF472AAC74}.Debug|Any CPU.Build.0 = Debug|Any CPU
		{F19CACE3-5FC4-484F-951F-BBAF472AAC74}.Release|Any CPU.ActiveCfg = Release|Any CPU
		{F19CACE3-5FC4-484F-951F-BBAF472AAC74}.Release|Any CPU.Build.0 = Release|Any CPU
	EndGlobalSection
	GlobalSection(SolutionProperties) = preSolution
		HideSolutionNode = FALSE
	EndGlobalSection
	GlobalSection(ExtensibilityGlobals) = postSolution
		SolutionGuid = {46A71EB0-3C19-4997-8BBD-A8144207F25B}
	EndGlobalSection
EndGlobal
